
Microsoft Visual Studio Solution File, Format Version 12.00
# Visual Studio Version 17
VisualStudioVersion = 17.9.34728.123
MinimumVisualStudioVersion = 10.0.40219.1
Project("{FAE04EC0-301F-11D3-BF4B-00C04F79EFBC}") = "FruitManagementAPI", "FruitManagementAPI.csproj", "{D81B00CA-9CB3-4A41-8C96-ADCAD8A7E618}"
EndProject
Global
	GlobalSection(SolutionConfigurationPlatforms) = preSolution
		Debug|Any CPU = Debug|Any CPU
		Release|Any CPU = Release|Any CPU
	EndGlobalSection
	GlobalSection(ProjectConfigurationPlatforms) = postSolution
		{D81B00CA-9CB3-4A41-8C96-ADCAD8A7E618}.Debug|Any CPU.ActiveCfg = Debug|Any CPU
		{D81B00CA-9CB3-4A41-8C96-ADCAD8A7E618}.Debug|Any CPU.Build.0 = Debug|Any CPU
		{D81B00CA-9CB3-4A41-8C96-ADCAD8A7E618}.Release|Any CPU.ActiveCfg = Release|Any CPU
		{D81B00CA-9CB3-4A41-8C96-ADCAD8A7E618}.Release|Any CPU.Build.0 = Release|Any CPU
	EndGlobalSection
	GlobalSection(SolutionProperties) = preSolution
		HideSolutionNode = FALSE
	EndGlobalSection
	GlobalSection(ExtensibilityGlobals) = postSolution
		SolutionGuid = {F32F66F3-3D4D-4A89-96EA-19090C257B4E}
	EndGlobalSection
EndGlobal
